// !$*UTF8*$!
{
	archiveVersion = 1;
	classes = {
	};
	objectVersion = 55;
	objects = {

/* Begin PBXBuildFile section */
		E947C81F27C11E07003B86DF /* ThirstySoftRegular.otf in Resources */ = {isa = PBXBuildFile; fileRef = E947C81D27C11E07003B86DF /* ThirstySoftRegular.otf */; };
		E947C82027C11E07003B86DF /* Delm-Medium.otf in Resources */ = {isa = PBXBuildFile; fileRef = E947C81E27C11E07003B86DF /* Delm-Medium.otf */; };
		E965E90C27C7D61E002032B7 /* PhotoLibrairy.swift in Sources */ = {isa = PBXBuildFile; fileRef = E965E90B27C7D61E002032B7 /* PhotoLibrairy.swift */; };
		E9CF85F127BFE1BA004F9ADF /* AppDelegate.swift in Sources */ = {isa = PBXBuildFile; fileRef = E9CF85F027BFE1BA004F9ADF /* AppDelegate.swift */; };
		E9CF85F327BFE1BA004F9ADF /* SceneDelegate.swift in Sources */ = {isa = PBXBuildFile; fileRef = E9CF85F227BFE1BA004F9ADF /* SceneDelegate.swift */; };
		E9CF85F527BFE1BA004F9ADF /* HomeScreenVC.swift in Sources */ = {isa = PBXBuildFile; fileRef = E9CF85F427BFE1BA004F9ADF /* HomeScreenVC.swift */; };
		E9CF85F827BFE1BB004F9ADF /* Main.storyboard in Resources */ = {isa = PBXBuildFile; fileRef = E9CF85F627BFE1BB004F9ADF /* Main.storyboard */; };
		E9CF85FA27BFE1BB004F9ADF /* Assets.xcassets in Resources */ = {isa = PBXBuildFile; fileRef = E9CF85F927BFE1BB004F9ADF /* Assets.xcassets */; };
		E9CF85FD27BFE1BB004F9ADF /* LaunchScreen.storyboard in Resources */ = {isa = PBXBuildFile; fileRef = E9CF85FB27BFE1BB004F9ADF /* LaunchScreen.storyboard */; };
/* End PBXBuildFile section */

/* Begin PBXFileReference section */
		E947C81D27C11E07003B86DF /* ThirstySoftRegular.otf */ = {isa = PBXFileReference; lastKnownFileType = file; path = ThirstySoftRegular.otf; sourceTree = "<group>"; };
		E947C81E27C11E07003B86DF /* Delm-Medium.otf */ = {isa = PBXFileReference; lastKnownFileType = file; path = "Delm-Medium.otf"; sourceTree = "<group>"; };
		E965E90B27C7D61E002032B7 /* PhotoLibrairy.swift */ = {isa = PBXFileReference; lastKnownFileType = sourcecode.swift; name = PhotoLibrairy.swift; path = instagrid/Model/PhotoLibrairy.swift; sourceTree = SOURCE_ROOT; };
		E9CF85ED27BFE1BA004F9ADF /* instagrid.app */ = {isa = PBXFileReference; explicitFileType = wrapper.application; includeInIndex = 0; path = instagrid.app; sourceTree = BUILT_PRODUCTS_DIR; };
		E9CF85F027BFE1BA004F9ADF /* AppDelegate.swift */ = {isa = PBXFileReference; lastKnownFileType = sourcecode.swift; path = AppDelegate.swift; sourceTree = "<group>"; };
		E9CF85F227BFE1BA004F9ADF /* SceneDelegate.swift */ = {isa = PBXFileReference; lastKnownFileType = sourcecode.swift; path = SceneDelegate.swift; sourceTree = "<group>"; };
		E9CF85F427BFE1BA004F9ADF /* HomeScreenVC.swift */ = {isa = PBXFileReference; lastKnownFileType = sourcecode.swift; path = HomeScreenVC.swift; sourceTree = "<group>"; };
		E9CF85F727BFE1BB004F9ADF /* Base */ = {isa = PBXFileReference; lastKnownFileType = file.storyboard; name = Base; path = Base.lproj/Main.storyboard; sourceTree = "<group>"; };
		E9CF85F927BFE1BB004F9ADF /* Assets.xcassets */ = {isa = PBXFileReference; lastKnownFileType = folder.assetcatalog; path = Assets.xcassets; sourceTree = "<group>"; };
		E9CF85FC27BFE1BB004F9ADF /* Base */ = {isa = PBXFileReference; lastKnownFileType = file.storyboard; name = Base; path = Base.lproj/LaunchScreen.storyboard; sourceTree = "<group>"; };
		E9CF85FE27BFE1BB004F9ADF /* Info.plist */ = {isa = PBXFileReference; lastKnownFileType = text.plist.xml; path = Info.plist; sourceTree = "<group>"; };
/* End PBXFileReference section */

/* Begin PBXFrameworksBuildPhase section */
		E9CF85EA27BFE1BA004F9ADF /* Frameworks */ = {
			isa = PBXFrameworksBuildPhase;
			buildActionMask = 2147483647;
			files = (
			);
			runOnlyForDeploymentPostprocessing = 0;
		};
/* End PBXFrameworksBuildPhase section */

/* Begin PBXGroup section */
		E902A23627C03C65005E0F56 /* Resources */ = {
			isa = PBXGroup;
			children = (
				E947C81C27C11DE8003B86DF /* Fonts */,
			);
			path = Resources;
			sourceTree = "<group>";
		};
		E947C81C27C11DE8003B86DF /* Fonts */ = {
			isa = PBXGroup;
			children = (
				E947C81E27C11E07003B86DF /* Delm-Medium.otf */,
				E947C81D27C11E07003B86DF /* ThirstySoftRegular.otf */,
			);
			path = Fonts;
			sourceTree = "<group>";
		};
		E95C571927C025E3008DDDDF /* Supporting_Files */ = {
			isa = PBXGroup;
			children = (
				E9CF85F027BFE1BA004F9ADF /* AppDelegate.swift */,
				E9CF85F227BFE1BA004F9ADF /* SceneDelegate.swift */,
				E9CF85F927BFE1BB004F9ADF /* Assets.xcassets */,
				E9CF85FB27BFE1BB004F9ADF /* LaunchScreen.storyboard */,
				E9CF85FE27BFE1BB004F9ADF /* Info.plist */,
			);
			path = Supporting_Files;
			sourceTree = "<group>";
		};
		E95C571A27C029A8008DDDDF /* Controller */ = {
			isa = PBXGroup;
			children = (
				E9CF85F427BFE1BA004F9ADF /* HomeScreenVC.swift */,
			);
			path = Controller;
			sourceTree = "<group>";
		};
		E95C571B27C029B8008DDDDF /* View */ = {
			isa = PBXGroup;
			children = (
				E9CF85F627BFE1BB004F9ADF /* Main.storyboard */,
			);
			path = View;
			sourceTree = "<group>";
		};
		E970E58127C53D500063921C /* Model */ = {
			isa = PBXGroup;
			children = (
				E965E90B27C7D61E002032B7 /* PhotoLibrairy.swift */,
			);
			path = Model;
			sourceTree = "<group>";
		};
		E9CF85E427BFE1BA004F9ADF = {
			isa = PBXGroup;
			children = (
				E9CF85EF27BFE1BA004F9ADF /* instagrid */,
				E9CF85EE27BFE1BA004F9ADF /* Products */,
			);
			sourceTree = "<group>";
		};
		E9CF85EE27BFE1BA004F9ADF /* Products */ = {
			isa = PBXGroup;
			children = (
				E9CF85ED27BFE1BA004F9ADF /* instagrid.app */,
			);
			name = Products;
			sourceTree = "<group>";
		};
		E9CF85EF27BFE1BA004F9ADF /* instagrid */ = {
			isa = PBXGroup;
			children = (
				E902A23627C03C65005E0F56 /* Resources */,
				E970E58127C53D500063921C /* Model */,
				E95C571A27C029A8008DDDDF /* Controller */,
				E95C571B27C029B8008DDDDF /* View */,
				E95C571927C025E3008DDDDF /* Supporting_Files */,
			);
			path = instagrid;
			sourceTree = "<group>";
		};
/* End PBXGroup section */

/* Begin PBXNativeTarget section */
		E9CF85EC27BFE1BA004F9ADF /* instagrid */ = {
			isa = PBXNativeTarget;
			buildConfigurationList = E9CF860127BFE1BB004F9ADF /* Build configuration list for PBXNativeTarget "instagrid" */;
			buildPhases = (
				E9CF85E927BFE1BA004F9ADF /* Sources */,
				E9CF85EA27BFE1BA004F9ADF /* Frameworks */,
				E9CF85EB27BFE1BA004F9ADF /* Resources */,
			);
			buildRules = (
			);
			dependencies = (
			);
			name = instagrid;
			productName = instagrid;
			productReference = E9CF85ED27BFE1BA004F9ADF /* instagrid.app */;
			productType = "com.apple.product-type.application";
		};
/* End PBXNativeTarget section */

/* Begin PBXProject section */
		E9CF85E527BFE1BA004F9ADF /* Project object */ = {
			isa = PBXProject;
			attributes = {
				BuildIndependentTargetsInParallel = 1;
				LastSwiftUpdateCheck = 1320;
				LastUpgradeCheck = 1320;
				TargetAttributes = {
					E9CF85EC27BFE1BA004F9ADF = {
						CreatedOnToolsVersion = 13.2.1;
					};
				};
			};
			buildConfigurationList = E9CF85E827BFE1BA004F9ADF /* Build configuration list for PBXProject "instagrid" */;
			compatibilityVersion = "Xcode 13.0";
			developmentRegion = en;
			hasScannedForEncodings = 0;
			knownRegions = (
				en,
				Base,
			);
			mainGroup = E9CF85E427BFE1BA004F9ADF;
			productRefGroup = E9CF85EE27BFE1BA004F9ADF /* Products */;
			projectDirPath = "";
			projectRoot = "";
			targets = (
				E9CF85EC27BFE1BA004F9ADF /* instagrid */,
			);
		};
/* End PBXProject section */

/* Begin PBXResourcesBuildPhase section */
		E9CF85EB27BFE1BA004F9ADF /* Resources */ = {
			isa = PBXResourcesBuildPhase;
			buildActionMask = 2147483647;
			files = (
				E9CF85FD27BFE1BB004F9ADF /* LaunchScreen.storyboard in Resources */,
				E947C82027C11E07003B86DF /* Delm-Medium.otf in Resources */,
				E9CF85FA27BFE1BB004F9ADF /* Assets.xcassets in Resources */,
				E947C81F27C11E07003B86DF /* ThirstySoftRegular.otf in Resources */,
				E9CF85F827BFE1BB004F9ADF /* Main.storyboard in Resources */,
			);
			runOnlyForDeploymentPostprocessing = 0;
		};
/* End PBXResourcesBuildPhase section */

/* Begin PBXSourcesBuildPhase section */
		E9CF85E927BFE1BA004F9ADF /* Sources */ = {
			isa = PBXSourcesBuildPhase;
			buildActionMask = 2147483647;
			files = (
				E9CF85F527BFE1BA004F9ADF /* HomeScreenVC.swift in Sources */,
				E9CF85F127BFE1BA004F9ADF /* AppDelegate.swift in Sources */,
				E965E90C27C7D61E002032B7 /* PhotoLibrairy.swift in Sources */,
				E9CF85F327BFE1BA004F9ADF /* SceneDelegate.swift in Sources */,
			);
			runOnlyForDeploymentPostprocessing = 0;
		};
/* End PBXSourcesBuildPhase section */

/* Begin PBXVariantGroup section */
		E9CF85F627BFE1BB004F9ADF /* Main.storyboard */ = {
			isa = PBXVariantGroup;
			children = (
				E9CF85F727BFE1BB004F9ADF /* Base */,
			);
			name = Main.storyboard;
			sourceTree = "<group>";
		};
		E9CF85FB27BFE1BB004F9ADF /* LaunchScreen.storyboard */ = {
			isa = PBXVariantGroup;
			children = (
				E9CF85FC27BFE1BB004F9ADF /* Base */,
			);
			name = LaunchScreen.storyboard;
			sourceTree = "<group>";
		};
/* End PBXVariantGroup section */

/* Begin XCBuildConfiguration section */
		E9CF85FF27BFE1BB004F9ADF /* Debug */ = {
			isa = XCBuildConfiguration;
			buildSettings = {
				ALWAYS_SEARCH_USER_PATHS = NO;
				CLANG_ANALYZER_NONNULL = YES;
				CLANG_ANALYZER_NUMBER_OBJECT_CONVERSION = YES_AGGRESSIVE;
				CLANG_CXX_LANGUAGE_STANDARD = "gnu++17";
				CLANG_CXX_LIBRARY = "libc++";
				CLANG_ENABLE_MODULES = YES;
				CLANG_ENABLE_OBJC_ARC = YES;
				CLANG_ENABLE_OBJC_WEAK = YES;
				CLANG_WARN_BLOCK_CAPTURE_AUTORELEASING = YES;
				CLANG_WARN_BOOL_CONVERSION = YES;
				CLANG_WARN_COMMA = YES;
				CLANG_WARN_CONSTANT_CONVERSION = YES;
				CLANG_WARN_DEPRECATED_OBJC_IMPLEMENTATIONS = YES;
				CLANG_WARN_DIRECT_OBJC_ISA_USAGE = YES_ERROR;
				CLANG_WARN_DOCUMENTATION_COMMENTS = YES;
				CLANG_WARN_EMPTY_BODY = YES;
				CLANG_WARN_ENUM_CONVERSION = YES;
				CLANG_WARN_INFINITE_RECURSION = YES;
				CLANG_WARN_INT_CONVERSION = YES;
				CLANG_WARN_NON_LITERAL_NULL_CONVERSION = YES;
				CLANG_WARN_OBJC_IMPLICIT_RETAIN_SELF = YES;
				CLANG_WARN_OBJC_LITERAL_CONVERSION = YES;
				CLANG_WARN_OBJC_ROOT_CLASS = YES_ERROR;
				CLANG_WARN_QUOTED_INCLUDE_IN_FRAMEWORK_HEADER = YES;
				CLANG_WARN_RANGE_LOOP_ANALYSIS = YES;
				CLANG_WARN_STRICT_PROTOTYPES = YES;
				CLANG_WARN_SUSPICIOUS_MOVE = YES;
				CLANG_WARN_UNGUARDED_AVAILABILITY = YES_AGGRESSIVE;
				CLANG_WARN_UNREACHABLE_CODE = YES;
				CLANG_WARN__DUPLICATE_METHOD_MATCH = YES;
				COPY_PHASE_STRIP = NO;
				DEBUG_INFORMATION_FORMAT = dwarf;
				ENABLE_STRICT_OBJC_MSGSEND = YES;
				ENABLE_TESTABILITY = YES;
				GCC_C_LANGUAGE_STANDARD = gnu11;
				GCC_DYNAMIC_NO_PIC = NO;
				GCC_NO_COMMON_BLOCKS = YES;
				GCC_OPTIMIZATION_LEVEL = 0;
				GCC_PREPROCESSOR_DEFINITIONS = (
					"DEBUG=1",
					"$(inherited)",
				);
				GCC_WARN_64_TO_32_BIT_CONVERSION = YES;
				GCC_WARN_ABOUT_RETURN_TYPE = YES_ERROR;
				GCC_WARN_UNDECLARED_SELECTOR = YES;
				GCC_WARN_UNINITIALIZED_AUTOS = YES_AGGRESSIVE;
				GCC_WARN_UNUSED_FUNCTION = YES;
				GCC_WARN_UNUSED_VARIABLE = YES;
				IPHONEOS_DEPLOYMENT_TARGET = 15.2;
				MTL_ENABLE_DEBUG_INFO = INCLUDE_SOURCE;
				MTL_FAST_MATH = YES;
				ONLY_ACTIVE_ARCH = YES;
				SDKROOT = iphoneos;
				SWIFT_ACTIVE_COMPILATION_CONDITIONS = DEBUG;
				SWIFT_OPTIMIZATION_LEVEL = "-Onone";
			};
			name = Debug;
		};
		E9CF860027BFE1BB004F9ADF /* Release */ = {
			isa = XCBuildConfiguration;
			buildSettings = {
				ALWAYS_SEARCH_USER_PATHS = NO;
				CLANG_ANALYZER_NONNULL = YES;
				CLANG_ANALYZER_NUMBER_OBJECT_CONVERSION = YES_AGGRESSIVE;
				CLANG_CXX_LANGUAGE_STANDARD = "gnu++17";
				CLANG_CXX_LIBRARY = "libc++";
				CLANG_ENABLE_MODULES = YES;
				CLANG_ENABLE_OBJC_ARC = YES;
				CLANG_ENABLE_OBJC_WEAK = YES;
				CLANG_WARN_BLOCK_CAPTURE_AUTORELEASING = YES;
				CLANG_WARN_BOOL_CONVERSION = YES;
				CLANG_WARN_COMMA = YES;
				CLANG_WARN_CONSTANT_CONVERSION = YES;
				CLANG_WARN_DEPRECATED_OBJC_IMPLEMENTATIONS = YES;
				CLANG_WARN_DIRECT_OBJC_ISA_USAGE = YES_ERROR;
				CLANG_WARN_DOCUMENTATION_COMMENTS = YES;
				CLANG_WARN_EMPTY_BODY = YES;
				CLANG_WARN_ENUM_CONVERSION = YES;
				CLANG_WARN_INFINITE_RECURSION = YES;
				CLANG_WARN_INT_CONVERSION = YES;
				CLANG_WARN_NON_LITERAL_NULL_CONVERSION = YES;
				CLANG_WARN_OBJC_IMPLICIT_RETAIN_SELF = YES;
				CLANG_WARN_OBJC_LITERAL_CONVERSION = YES;
				CLANG_WARN_OBJC_ROOT_CLASS = YES_ERROR;
				CLANG_WARN_QUOTED_INCLUDE_IN_FRAMEWORK_HEADER = YES;
				CLANG_WARN_RANGE_LOOP_ANALYSIS = YES;
				CLANG_WARN_STRICT_PROTOTYPES = YES;
				CLANG_WARN_SUSPICIOUS_MOVE = YES;
				CLANG_WARN_UNGUARDED_AVAILABILITY = YES_AGGRESSIVE;
				CLANG_WARN_UNREACHABLE_CODE = YES;
				CLANG_WARN__DUPLICATE_METHOD_MATCH = YES;
				COPY_PHASE_STRIP = NO;
				DEBUG_INFORMATION_FORMAT = "dwarf-with-dsym";
				ENABLE_NS_ASSERTIONS = NO;
				ENABLE_STRICT_OBJC_MSGSEND = YES;
				GCC_C_LANGUAGE_STANDARD = gnu11;
				GCC_NO_COMMON_BLOCKS = YES;
				GCC_WARN_64_TO_32_BIT_CONVERSION = YES;
				GCC_WARN_ABOUT_RETURN_TYPE = YES_ERROR;
				GCC_WARN_UNDECLARED_SELECTOR = YES;
				GCC_WARN_UNINITIALIZED_AUTOS = YES_AGGRESSIVE;
				GCC_WARN_UNUSED_FUNCTION = YES;
				GCC_WARN_UNUSED_VARIABLE = YES;
				IPHONEOS_DEPLOYMENT_TARGET = 15.2;
				MTL_ENABLE_DEBUG_INFO = NO;
				MTL_FAST_MATH = YES;
				SDKROOT = iphoneos;
				SWIFT_COMPILATION_MODE = wholemodule;
				SWIFT_OPTIMIZATION_LEVEL = "-O";
				VALIDATE_PRODUCT = YES;
			};
			name = Release;
		};
		E9CF860227BFE1BB004F9ADF /* Debug */ = {
			isa = XCBuildConfiguration;
			buildSettings = {
				ASSETCATALOG_COMPILER_APPICON_NAME = AppIcon;
				ASSETCATALOG_COMPILER_GLOBAL_ACCENT_COLOR_NAME = AccentColor;
				CODE_SIGN_STYLE = Automatic;
				CURRENT_PROJECT_VERSION = 1;
				DEVELOPMENT_TEAM = 32VPA6HJ38;
				GENERATE_INFOPLIST_FILE = YES;
				INFOPLIST_FILE = instagrid/Supporting_Files/Info.plist;
				INFOPLIST_KEY_NSPhotoLibraryUsageDescription = "To add a new image you need to allow this app to browse your photo librairy.";
				INFOPLIST_KEY_UIApplicationSupportsIndirectInputEvents = YES;
				INFOPLIST_KEY_UILaunchStoryboardName = LaunchScreen;
				INFOPLIST_KEY_UIMainStoryboardFile = Main;
				INFOPLIST_KEY_UISupportedInterfaceOrientations = "UIInterfaceOrientationPortrait UIInterfaceOrientationLandscapeLeft UIInterfaceOrientationLandscapeRight";
				INFOPLIST_KEY_UISupportedInterfaceOrientations_iPad = "UIInterfaceOrientationPortrait UIInterfaceOrientationPortraitUpsideDown UIInterfaceOrientationLandscapeLeft UIInterfaceOrientationLandscapeRight";
				INFOPLIST_KEY_UISupportedInterfaceOrientations_iPhone = "UIInterfaceOrientationPortrait UIInterfaceOrientationLandscapeLeft UIInterfaceOrientationLandscapeRight";
				LD_RUNPATH_SEARCH_PATHS = (
					"$(inherited)",
					"@executable_path/Frameworks",
				);
				MARKETING_VERSION = 1.0;
				PRODUCT_BUNDLE_IDENTIFIER = com.bertranddalleau.instagrid;
				PRODUCT_NAME = "$(TARGET_NAME)";
				SWIFT_EMIT_LOC_STRINGS = YES;
				SWIFT_VERSION = 5.0;
				TARGETED_DEVICE_FAMILY = 1;
			};
			name = Debug;
		};
		E9CF860327BFE1BB004F9ADF /* Release */ = {
			isa = XCBuildConfiguration;
			buildSettings = {
				ASSETCATALOG_COMPILER_APPICON_NAME = AppIcon;
				ASSETCATALOG_COMPILER_GLOBAL_ACCENT_COLOR_NAME = AccentColor;
				CODE_SIGN_STYLE = Automatic;
				CURRENT_PROJECT_VERSION = 1;
				DEVELOPMENT_TEAM = 32VPA6HJ38;
				GENERATE_INFOPLIST_FILE = YES;
				INFOPLIST_FILE = instagrid/Supporting_Files/Info.plist;
				INFOPLIST_KEY_NSPhotoLibraryUsageDescription = "To add a new image you need to allow this app to browse your photo librairy.";
				INFOPLIST_KEY_UIApplicationSupportsIndirectInputEvents = YES;
				INFOPLIST_KEY_UILaunchStoryboardName = LaunchScreen;
				INFOPLIST_KEY_UIMainStoryboardFile = Main;
				INFOPLIST_KEY_UISupportedInterfaceOrientations = "UIInterfaceOrientationPortrait UIInterfaceOrientationLandscapeLeft UIInterfaceOrientationLandscapeRight";
				INFOPLIST_KEY_UISupportedInterfaceOrientations_iPad = "UIInterfaceOrientationPortrait UIInterfaceOrientationPortraitUpsideDown UIInterfaceOrientationLandscapeLeft UIInterfaceOrientationLandscapeRight";
				INFOPLIST_KEY_UISupportedInterfaceOrientations_iPhone = "UIInterfaceOrientationPortrait UIInterfaceOrientationLandscapeLeft UIInterfaceOrientationLandscapeRight";
				LD_RUNPATH_SEARCH_PATHS = (
					"$(inherited)",
					"@executable_path/Frameworks",
				);
				MARKETING_VERSION = 1.0;
				PRODUCT_BUNDLE_IDENTIFIER = com.bertranddalleau.instagrid;
				PRODUCT_NAME = "$(TARGET_NAME)";
				SWIFT_EMIT_LOC_STRINGS = YES;
				SWIFT_VERSION = 5.0;
				TARGETED_DEVICE_FAMILY = 1;
			};
			name = Release;
		};
/* End XCBuildConfiguration section */

/* Begin XCConfigurationList section */
		E9CF85E827BFE1BA004F9ADF /* Build configuration list for PBXProject "instagrid" */ = {
			isa = XCConfigurationList;
			buildConfigurations = (
				E9CF85FF27BFE1BB004F9ADF /* Debug */,
				E9CF860027BFE1BB004F9ADF /* Release */,
			);
			defaultConfigurationIsVisible = 0;
			defaultConfigurationName = Release;
		};
		E9CF860127BFE1BB004F9ADF /* Build configuration list for PBXNativeTarget "instagrid" */ = {
			isa = XCConfigurationList;
			buildConfigurations = (
				E9CF860227BFE1BB004F9ADF /* Debug */,
				E9CF860327BFE1BB004F9ADF /* Release */,
			);
			defaultConfigurationIsVisible = 0;
			defaultConfigurationName = Release;
		};
/* End XCConfigurationList section */
	};
	rootObject = E9CF85E527BFE1BA004F9ADF /* Project object */;
}
